
Microsoft Visual Studio Solution File, Format Version 12.00
# Visual Studio Version 16
VisualStudioVersion = 16.0.29613.14
MinimumVisualStudioVersion = 10.0.40219.1
Project("{FAE04EC0-301F-11D3-BF4B-00C04F79EFBC}") = "Projeto3Camadas", "Projeto3Camadas\Projeto3Camadas.csproj", "{212C8477-3E9B-4974-BD92-C357592B84C0}"
EndProject
Global
	GlobalSection(SolutionConfigurationPlatforms) = preSolution
		Debug|Any CPU = Debug|Any CPU
		Release|Any CPU = Release|Any CPU
	EndGlobalSection
	GlobalSection(ProjectConfigurationPlatforms) = postSolution
		{212C8477-3E9B-4974-BD92-C357592B84C0}.Debug|Any CPU.ActiveCfg = Debug|Any CPU
		{212C8477-3E9B-4974-BD92-C357592B84C0}.Debug|Any CPU.Build.0 = Debug|Any CPU
		{212C8477-3E9B-4974-BD92-C357592B84C0}.Release|Any CPU.ActiveCfg = Release|Any CPU
		{212C8477-3E9B-4974-BD92-C357592B84C0}.Release|Any CPU.Build.0 = Release|Any CPU
	EndGlobalSection
	GlobalSection(SolutionProperties) = preSolution
		HideSolutionNode = FALSE
	EndGlobalSection
	GlobalSection(ExtensibilityGlobals) = postSolution
		SolutionGuid = {704BDFB3-5600-466A-98F7-F79B54FF53E0}
	EndGlobalSection
EndGlobal
